
Microsoft Visual Studio Solution File, Format Version 12.00
# Visual Studio 15
VisualStudioVersion = 15.0.28307.168
MinimumVisualStudioVersion = 10.0.40219.1
Project("{FAE04EC0-301F-11D3-BF4B-00C04F79EFBC}") = "EditTag", "EditTag\EditTag.csproj", "{671E2DF2-6AFC-4C02-B6BA-4B4F43ACAAD4}"
EndProject
Global
	GlobalSection(SolutionConfigurationPlatforms) = preSolution
		Debug|Any CPU = Debug|Any CPU
		Release|Any CPU = Release|Any CPU
	EndGlobalSection
	GlobalSection(ProjectConfigurationPlatforms) = postSolution
		{671E2DF2-6AFC-4C02-B6BA-4B4F43ACAAD4}.Debug|Any CPU.ActiveCfg = Debug|Any CPU
		{671E2DF2-6AFC-4C02-B6BA-4B4F43ACAAD4}.Debug|Any CPU.Build.0 = Debug|Any CPU
		{671E2DF2-6AFC-4C02-B6BA-4B4F43ACAAD4}.Release|Any CPU.ActiveCfg = Release|Any CPU
		{671E2DF2-6AFC-4C02-B6BA-4B4F43ACAAD4}.Release|Any CPU.Build.0 = Release|Any CPU
	EndGlobalSection
	GlobalSection(SolutionProperties) = preSolution
		HideSolutionNode = FALSE
	EndGlobalSection
	GlobalSection(ExtensibilityGlobals) = postSolution
		SolutionGuid = {E44FB990-6E16-4E64-98BA-BD2EA3A85B52}
	EndGlobalSection
EndGlobal
